Microsoft Visual Studio Solution File, Format Version 12.00
# Visual Studio Version 17
VisualStudioVersion = 17.5.2.0
MinimumVisualStudioVersion = 10.0.40219.1
Project("{FAE04EC0-301F-11D3-BF4B-00C04F79EFBC}") = "AIResumeBuilder", "AIResumeBuilder\AIResumeBuilder.csproj", "{CCF5B74D-C5E5-3E95-2AD7-A81582799434}"
EndProject
Global
	GlobalSection(SolutionConfigurationPlatforms) = preSolution
		Debug|Any CPU = Debug|Any CPU
		Release|Any CPU = Release|Any CPU
	EndGlobalSection
	GlobalSection(ProjectConfigurationPlatforms) = postSolution
		{CCF5B74D-C5E5-3E95-2AD7-A81582799434}.Debug|Any CPU.ActiveCfg = Debug|Any CPU
		{CCF5B74D-C5E5-3E95-2AD7-A81582799434}.Debug|Any CPU.Build.0 = Debug|Any CPU
		{CCF5B74D-C5E5-3E95-2AD7-A81582799434}.Release|Any CPU.ActiveCfg = Release|Any CPU
		{CCF5B74D-C5E5-3E95-2AD7-A81582799434}.Release|Any CPU.Build.0 = Release|Any CPU
	EndGlobalSection
	GlobalSection(SolutionProperties) = preSolution
		HideSolutionNode = FALSE
	EndGlobalSection
	GlobalSection(ExtensibilityGlobals) = postSolution
		SolutionGuid = {B191177A-DDBD-40D6-80E6-FFE671113405}
	EndGlobalSection
EndGlobal
